{
  "name": "flask-cors",
  "lockfileVersion": 3,
  "requires": true,
  "packages": {
    "": {
      "dependencies": {
        "flask": "^0.2.10",
        "flask-cors": "^0.0.1"
      }
    },
    "node_modules/flask": {
      "version": "0.2.10",
      "resolved": "https://registry.npmjs.org/flask/-/flask-0.2.10.tgz",
      "integrity": "sha512-Zy69KIuFsoX0o2W5uDHHk1GHMwRT8QT0AboPQY7b1soCfJ2pfwKxHF2AGVwJmDUjzawgOavoY/UsXnZ7fk3lVQ==",
      "license": "MIT"
    },
    "node_modules/flask-cors": {
      "version": "0.0.1",
      "resolved": "https://registry.npmjs.org/flask-cors/-/flask-cors-0.0.1.tgz",
      "integrity": "sha512-ZEhUp1JH+Qxru2yOhsRhIgA18QR7D4S2wQtOqu28PvfeDFzz97Fu6M1fUXsjDwkEqSTuKdmJ34aCuYEr8dWthA==",
      "license": "ISC"
    }
  }
}
